
Microsoft Visual Studio Solution File, Format Version 12.00
Project("{FAE04EC0-301F-11D3-BF4B-00C04F79EFBC}") = "PullCourse", "PullCourse\PullCourse.csproj", "{D2BA467A-231A-45A3-8873-FAFEF9B8BBD8}"
EndProject
Global
	GlobalSection(SolutionConfigurationPlatforms) = preSolution
		Debug|Any CPU = Debug|Any CPU
		Release|Any CPU = Release|Any CPU
	EndGlobalSection
	GlobalSection(ProjectConfigurationPlatforms) = postSolution
		{D2BA467A-231A-45A3-8873-FAFEF9B8BBD8}.Debug|Any CPU.ActiveCfg = Debug|Any CPU
		{D2BA467A-231A-45A3-8873-FAFEF9B8BBD8}.Debug|Any CPU.Build.0 = Debug|Any CPU
		{D2BA467A-231A-45A3-8873-FAFEF9B8BBD8}.Release|Any CPU.ActiveCfg = Release|Any CPU
		{D2BA467A-231A-45A3-8873-FAFEF9B8BBD8}.Release|Any CPU.Build.0 = Release|Any CPU
	EndGlobalSection
EndGlobal
